
Microsoft Visual Studio Solution File, Format Version 12.00
# Visual Studio Version 16
VisualStudioVersion = 16.0.31105.61
MinimumVisualStudioVersion = 10.0.40219.1
Project("{FAE04EC0-301F-11D3-BF4B-00C04F79EFBC}") = "BAI_1_2_CRUD_ACCOUNT", "..\BAI_1_2_CRUD_ACCOUNT - Copy\BAI_1_2_CRUD_ACCOUNT.csproj", "{17A4C544-BD05-4F18-9454-42C296237C03}"
EndProject
Global
	GlobalSection(SolutionConfigurationPlatforms) = preSolution
		Debug|Any CPU = Debug|Any CPU
		Release|Any CPU = Release|Any CPU
	EndGlobalSection
	GlobalSection(ProjectConfigurationPlatforms) = postSolution
		{17A4C544-BD05-4F18-9454-42C296237C03}.Debug|Any CPU.ActiveCfg = Debug|Any CPU
		{17A4C544-BD05-4F18-9454-42C296237C03}.Debug|Any CPU.Build.0 = Debug|Any CPU
		{17A4C544-BD05-4F18-9454-42C296237C03}.Release|Any CPU.ActiveCfg = Release|Any CPU
		{17A4C544-BD05-4F18-9454-42C296237C03}.Release|Any CPU.Build.0 = Release|Any CPU
	EndGlobalSection
	GlobalSection(SolutionProperties) = preSolution
		HideSolutionNode = FALSE
	EndGlobalSection
	GlobalSection(ExtensibilityGlobals) = postSolution
		SolutionGuid = {ED6A61F6-2FDD-4DED-B478-F45C58E854E2}
	EndGlobalSection
EndGlobal
